// !$*UTF8*$!
{
	archiveVersion = 1;
	classes = {
	};
	objectVersion = 46;
	objects = {

/* Begin PBXBuildFile section */
		3CADB24721AE39428AAD2488 /* libPods.a in Frameworks */ = {isa = PBXBuildFile; fileRef = 1FA7AD3BFC34CC5D37BA551C /* libPods.a */; };
		F52D242919FE2F580082F885 /* GoalInfoCell.swift in Sources */ = {isa = PBXBuildFile; fileRef = F52D242819FE2F580082F885 /* GoalInfoCell.swift */; };
		F52D242B1A01DB8D0082F885 /* GoalDetailViewController.swift in Sources */ = {isa = PBXBuildFile; fileRef = F52D242A1A01DB8C0082F885 /* GoalDetailViewController.swift */; };
		F583D2671A0881B3001E1E51 /* UIColor+RGB.swift in Sources */ = {isa = PBXBuildFile; fileRef = F583D2661A0881B2001E1E51 /* UIColor+RGB.swift */; };
		F5A801EF19F5FA6E00F38D40 /* AppDelegate.swift in Sources */ = {isa = PBXBuildFile; fileRef = F5A801EE19F5FA6E00F38D40 /* AppDelegate.swift */; };
		F5A801F119F5FA6E00F38D40 /* ViewController.swift in Sources */ = {isa = PBXBuildFile; fileRef = F5A801F019F5FA6E00F38D40 /* ViewController.swift */; };
		F5A801F419F5FA6E00F38D40 /* Main.storyboard in Resources */ = {isa = PBXBuildFile; fileRef = F5A801F219F5FA6E00F38D40 /* Main.storyboard */; };
		F5A801F619F5FA6E00F38D40 /* Images.xcassets in Resources */ = {isa = PBXBuildFile; fileRef = F5A801F519F5FA6E00F38D40 /* Images.xcassets */; };
		F5A801F919F5FA6E00F38D40 /* LaunchScreen.xib in Resources */ = {isa = PBXBuildFile; fileRef = F5A801F719F5FA6E00F38D40 /* LaunchScreen.xib */; };
		F5A8020519F5FA6E00F38D40 /* GoalManagerTests.swift in Sources */ = {isa = PBXBuildFile; fileRef = F5A8020419F5FA6E00F38D40 /* GoalManagerTests.swift */; };
		F5A8020F19F601D000F38D40 /* Goal.swift in Sources */ = {isa = PBXBuildFile; fileRef = F5A8020E19F601D000F38D40 /* Goal.swift */; };
		F5A8024419F6534C00F38D40 /* GoalHelper.swift in Sources */ = {isa = PBXBuildFile; fileRef = F5A8024319F6534B00F38D40 /* GoalHelper.swift */; };
		F5A97A2E19F9FC9E00A65A08 /* AddNewGoalViewController.swift in Sources */ = {isa = PBXBuildFile; fileRef = F5A97A2D19F9FC9E00A65A08 /* AddNewGoalViewController.swift */; };
		F5A97A3019FA02DA00A65A08 /* TypeSelectViewController.swift in Sources */ = {isa = PBXBuildFile; fileRef = F5A97A2F19FA02DA00A65A08 /* TypeSelectViewController.swift */; };
		F5A9879719FA5B4E00A65A08 /* Helper.swift in Sources */ = {isa = PBXBuildFile; fileRef = F5A9879619FA5B4E00A65A08 /* Helper.swift */; };
/* End PBXBuildFile section */

/* Begin PBXContainerItemProxy section */
		F5A801FF19F5FA6E00F38D40 /* PBXContainerItemProxy */ = {
			isa = PBXContainerItemProxy;
			containerPortal = F5A801E119F5FA6E00F38D40 /* Project object */;
			proxyType = 1;
			remoteGlobalIDString = F5A801E819F5FA6E00F38D40;
			remoteInfo = GoalManager;
		};
/* End PBXContainerItemProxy section */

/* Begin PBXFileReference section */
		1FA7AD3BFC34CC5D37BA551C /* libPods.a */ = {isa = PBXFileReference; explicitFileType = archive.ar; includeInIndex = 0; path = libPods.a; sourceTree = BUILT_PRODUCTS_DIR; };
		33DE9D0EF170094ACE0E421F /* Pods.release.xcconfig */ = {isa = PBXFileReference; includeInIndex = 1; lastKnownFileType = text.xcconfig; name = Pods.release.xcconfig; path = "Pods/Target Support Files/Pods/Pods.release.xcconfig"; sourceTree = "<group>"; };
		E5BCFDEC87BB521B0472BB49 /* Pods.debug.xcconfig */ = {isa = PBXFileReference; includeInIndex = 1; lastKnownFileType = text.xcconfig; name = Pods.debug.xcconfig; path = "Pods/Target Support Files/Pods/Pods.debug.xcconfig"; sourceTree = "<group>"; };
		F52D242819FE2F580082F885 /* GoalInfoCell.swift */ = {isa = PBXFileReference; fileEncoding = 4; lastKnownFileType = sourcecode.swift; path = GoalInfoCell.swift; sourceTree = "<group>"; };
		F52D242A1A01DB8C0082F885 /* GoalDetailViewController.swift */ = {isa = PBXFileReference; fileEncoding = 4; lastKnownFileType = sourcecode.swift; path = GoalDetailViewController.swift; sourceTree = "<group>"; };
		F583D2661A0881B2001E1E51 /* UIColor+RGB.swift */ = {isa = PBXFileReference; fileEncoding = 4; lastKnownFileType = sourcecode.swift; path = "UIColor+RGB.swift"; sourceTree = "<group>"; };
		F5A801E919F5FA6E00F38D40 /* GoalManager.app */ = {isa = PBXFileReference; explicitFileType = wrapper.application; includeInIndex = 0; path = GoalManager.app; sourceTree = BUILT_PRODUCTS_DIR; };
		F5A801ED19F5FA6E00F38D40 /* Info.plist */ = {isa = PBXFileReference; lastKnownFileType = text.plist.xml; path = Info.plist; sourceTree = "<group>"; };
		F5A801EE19F5FA6E00F38D40 /* AppDelegate.swift */ = {isa = PBXFileReference; lastKnownFileType = sourcecode.swift; path = AppDelegate.swift; sourceTree = "<group>"; };
		F5A801F019F5FA6E00F38D40 /* ViewController.swift */ = {isa = PBXFileReference; lastKnownFileType = sourcecode.swift; path = ViewController.swift; sourceTree = "<group>"; };
		F5A801F319F5FA6E00F38D40 /* Base */ = {isa = PBXFileReference; lastKnownFileType = file.storyboard; name = Base; path = Base.lproj/Main.storyboard; sourceTree = "<group>"; };
		F5A801F519F5FA6E00F38D40 /* Images.xcassets */ = {isa = PBXFileReference; lastKnownFileType = folder.assetcatalog; path = Images.xcassets; sourceTree = "<group>"; };
		F5A801F819F5FA6E00F38D40 /* Base */ = {isa = PBXFileReference; lastKnownFileType = file.xib; name = Base; path = Base.lproj/LaunchScreen.xib; sourceTree = "<group>"; };
		F5A801FE19F5FA6E00F38D40 /* GoalManagerTests.xctest */ = {isa = PBXFileReference; explicitFileType = wrapper.cfbundle; includeInIndex = 0; path = GoalManagerTests.xctest; sourceTree = BUILT_PRODUCTS_DIR; };
		F5A8020319F5FA6E00F38D40 /* Info.plist */ = {isa = PBXFileReference; lastKnownFileType = text.plist.xml; path = Info.plist; sourceTree = "<group>"; };
		F5A8020419F5FA6E00F38D40 /* GoalManagerTests.swift */ = {isa = PBXFileReference; lastKnownFileType = sourcecode.swift; path = GoalManagerTests.swift; sourceTree = "<group>"; };
		F5A8020E19F601D000F38D40 /* Goal.swift */ = {isa = PBXFileReference; fileEncoding = 4; lastKnownFileType = sourcecode.swift; path = Goal.swift; sourceTree = "<group>"; };
		F5A8024319F6534B00F38D40 /* GoalHelper.swift */ = {isa = PBXFileReference; fileEncoding = 4; lastKnownFileType = sourcecode.swift; path = GoalHelper.swift; sourceTree = "<group>"; };
		F5A8024519F65ECC00F38D40 /* GoalManager-BridgingHeader.h */ = {isa = PBXFileReference; lastKnownFileType = sourcecode.c.h; path = "GoalManager-BridgingHeader.h"; sourceTree = "<group>"; };
		F5A97A2D19F9FC9E00A65A08 /* AddNewGoalViewController.swift */ = {isa = PBXFileReference; fileEncoding = 4; lastKnownFileType = sourcecode.swift; path = AddNewGoalViewController.swift; sourceTree = "<group>"; };
		F5A97A2F19FA02DA00A65A08 /* TypeSelectViewController.swift */ = {isa = PBXFileReference; fileEncoding = 4; lastKnownFileType = sourcecode.swift; path = TypeSelectViewController.swift; sourceTree = "<group>"; };
		F5A9879619FA5B4E00A65A08 /* Helper.swift */ = {isa = PBXFileReference; fileEncoding = 4; lastKnownFileType = sourcecode.swift; path = Helper.swift; sourceTree = "<group>"; };
/* End PBXFileReference section */

/* Begin PBXFrameworksBuildPhase section */
		F5A801E619F5FA6E00F38D40 /* Frameworks */ = {
			isa = PBXFrameworksBuildPhase;
			buildActionMask = 2147483647;
			files = (
				3CADB24721AE39428AAD2488 /* libPods.a in Frameworks */,
			);
			runOnlyForDeploymentPostprocessing = 0;
		};
		F5A801FB19F5FA6E00F38D40 /* Frameworks */ = {
			isa = PBXFrameworksBuildPhase;
			buildActionMask = 2147483647;
			files = (
			);
			runOnlyForDeploymentPostprocessing = 0;
		};
/* End PBXFrameworksBuildPhase section */

/* Begin PBXGroup section */
		A4615F0B6E7B443247542C34 /* Pods */ = {
			isa = PBXGroup;
			children = (
				E5BCFDEC87BB521B0472BB49 /* Pods.debug.xcconfig */,
				33DE9D0EF170094ACE0E421F /* Pods.release.xcconfig */,
			);
			name = Pods;
			sourceTree = "<group>";
		};
		C168EF65E39BE97F842C589E /* Frameworks */ = {
			isa = PBXGroup;
			children = (
				1FA7AD3BFC34CC5D37BA551C /* libPods.a */,
			);
			name = Frameworks;
			sourceTree = "<group>";
		};
		F5A801E019F5FA6E00F38D40 = {
			isa = PBXGroup;
			children = (
				F5A8024519F65ECC00F38D40 /* GoalManager-BridgingHeader.h */,
				F5A801EB19F5FA6E00F38D40 /* GoalManager */,
				F5A8020119F5FA6E00F38D40 /* GoalManagerTests */,
				F5A801EA19F5FA6E00F38D40 /* Products */,
				A4615F0B6E7B443247542C34 /* Pods */,
				C168EF65E39BE97F842C589E /* Frameworks */,
			);
			sourceTree = "<group>";
		};
		F5A801EA19F5FA6E00F38D40 /* Products */ = {
			isa = PBXGroup;
			children = (
				F5A801E919F5FA6E00F38D40 /* GoalManager.app */,
				F5A801FE19F5FA6E00F38D40 /* GoalManagerTests.xctest */,
			);
			name = Products;
			sourceTree = "<group>";
		};
		F5A801EB19F5FA6E00F38D40 /* GoalManager */ = {
			isa = PBXGroup;
			children = (
				F5A801EE19F5FA6E00F38D40 /* AppDelegate.swift */,
				F5A801F019F5FA6E00F38D40 /* ViewController.swift */,
				F52D242A1A01DB8C0082F885 /* GoalDetailViewController.swift */,
				F5A97A2D19F9FC9E00A65A08 /* AddNewGoalViewController.swift */,
				F5A97A2F19FA02DA00A65A08 /* TypeSelectViewController.swift */,
				F52D242819FE2F580082F885 /* GoalInfoCell.swift */,
				F5A8020E19F601D000F38D40 /* Goal.swift */,
				F5A9879619FA5B4E00A65A08 /* Helper.swift */,
				F583D2661A0881B2001E1E51 /* UIColor+RGB.swift */,
				F5A8024319F6534B00F38D40 /* GoalHelper.swift */,
				F5A801F219F5FA6E00F38D40 /* Main.storyboard */,
				F5A801F519F5FA6E00F38D40 /* Images.xcassets */,
				F5A801F719F5FA6E00F38D40 /* LaunchScreen.xib */,
				F5A801EC19F5FA6E00F38D40 /* Supporting Files */,
			);
			path = GoalManager;
			sourceTree = "<group>";
		};
		F5A801EC19F5FA6E00F38D40 /* Supporting Files */ = {
			isa = PBXGroup;
			children = (
				F5A801ED19F5FA6E00F38D40 /* Info.plist */,
			);
			name = "Supporting Files";
			sourceTree = "<group>";
		};
		F5A8020119F5FA6E00F38D40 /* GoalManagerTests */ = {
			isa = PBXGroup;
			children = (
				F5A8020419F5FA6E00F38D40 /* GoalManagerTests.swift */,
				F5A8020219F5FA6E00F38D40 /* Supporting Files */,
			);
			path = GoalManagerTests;
			sourceTree = "<group>";
		};
		F5A8020219F5FA6E00F38D40 /* Supporting Files */ = {
			isa = PBXGroup;
			children = (
				F5A8020319F5FA6E00F38D40 /* Info.plist */,
			);
			name = "Supporting Files";
			sourceTree = "<group>";
		};
/* End PBXGroup section */

/* Begin PBXNativeTarget section */
		F5A801E819F5FA6E00F38D40 /* GoalManager */ = {
			isa = PBXNativeTarget;
			buildConfigurationList = F5A8020819F5FA6E00F38D40 /* Build configuration list for PBXNativeTarget "GoalManager" */;
			buildPhases = (
				364B377442497F65A829A61F /* Check Pods Manifest.lock */,
				F5A801E519F5FA6E00F38D40 /* Sources */,
				F5A801E619F5FA6E00F38D40 /* Frameworks */,
				F5A801E719F5FA6E00F38D40 /* Resources */,
				3F0683991C4AF3920BD66A5D /* Copy Pods Resources */,
			);
			buildRules = (
			);
			dependencies = (
			);
			name = GoalManager;
			productName = GoalManager;
			productReference = F5A801E919F5FA6E00F38D40 /* GoalManager.app */;
			productType = "com.apple.product-type.application";
		};
		F5A801FD19F5FA6E00F38D40 /* GoalManagerTests */ = {
			isa = PBXNativeTarget;
			buildConfigurationList = F5A8020B19F5FA6E00F38D40 /* Build configuration list for PBXNativeTarget "GoalManagerTests" */;
			buildPhases = (
				F5A801FA19F5FA6E00F38D40 /* Sources */,
				F5A801FB19F5FA6E00F38D40 /* Frameworks */,
				F5A801FC19F5FA6E00F38D40 /* Resources */,
			);
			buildRules = (
			);
			dependencies = (
				F5A8020019F5FA6E00F38D40 /* PBXTargetDependency */,
			);
			name = GoalManagerTests;
			productName = GoalManagerTests;
			productReference = F5A801FE19F5FA6E00F38D40 /* GoalManagerTests.xctest */;
			productType = "com.apple.product-type.bundle.unit-test";
		};
/* End PBXNativeTarget section */

/* Begin PBXProject section */
		F5A801E119F5FA6E00F38D40 /* Project object */ = {
			isa = PBXProject;
			attributes = {
				LastUpgradeCheck = 0600;
				ORGANIZATIONNAME = Alpha;
				TargetAttributes = {
					F5A801E819F5FA6E00F38D40 = {
						CreatedOnToolsVersion = 6.0;
						DevelopmentTeam = HZ59NGURJ9;
					};
					F5A801FD19F5FA6E00F38D40 = {
						CreatedOnToolsVersion = 6.0;
						DevelopmentTeam = V7L6S57KTH;
						TestTargetID = F5A801E819F5FA6E00F38D40;
					};
				};
			};
			buildConfigurationList = F5A801E419F5FA6E00F38D40 /* Build configuration list for PBXProject "GoalManager" */;
			compatibilityVersion = "Xcode 3.2";
			developmentRegion = English;
			hasScannedForEncodings = 0;
			knownRegions = (
				en,
				Base,
			);
			mainGroup = F5A801E019F5FA6E00F38D40;
			productRefGroup = F5A801EA19F5FA6E00F38D40 /* Products */;
			projectDirPath = "";
			projectRoot = "";
			targets = (
				F5A801E819F5FA6E00F38D40 /* GoalManager */,
				F5A801FD19F5FA6E00F38D40 /* GoalManagerTests */,
			);
		};
/* End PBXProject section */

/* Begin PBXResourcesBuildPhase section */
		F5A801E719F5FA6E00F38D40 /* Resources */ = {
			isa = PBXResourcesBuildPhase;
			buildActionMask = 2147483647;
			files = (
				F5A801F419F5FA6E00F38D40 /* Main.storyboard in Resources */,
				F5A801F919F5FA6E00F38D40 /* LaunchScreen.xib in Resources */,
				F5A801F619F5FA6E00F38D40 /* Images.xcassets in Resources */,
			);
			runOnlyForDeploymentPostprocessing = 0;
		};
		F5A801FC19F5FA6E00F38D40 /* Resources */ = {
			isa = PBXResourcesBuildPhase;
			buildActionMask = 2147483647;
			files = (
			);
			runOnlyForDeploymentPostprocessing = 0;
		};
/* End PBXResourcesBuildPhase section */

/* Begin PBXShellScriptBuildPhase section */
		364B377442497F65A829A61F /* Check Pods Manifest.lock */ = {
			isa = PBXShellScriptBuildPhase;
			buildActionMask = 2147483647;
			files = (
			);
			inputPaths = (
			);
			name = "Check Pods Manifest.lock";
			outputPaths = (
			);
			runOnlyForDeploymentPostprocessing = 0;
			shellPath = /bin/sh;
			shellScript = "diff \"${PODS_ROOT}/../Podfile.lock\" \"${PODS_ROOT}/Manifest.lock\" > /dev/null\nif [[ $? != 0 ]] ; then\n    cat << EOM\nerror: The sandbox is not in sync with the Podfile.lock. Run 'pod install' or update your CocoaPods installation.\nEOM\n    exit 1\nfi\n";
			showEnvVarsInLog = 0;
		};
		3F0683991C4AF3920BD66A5D /* Copy Pods Resources */ = {
			isa = PBXShellScriptBuildPhase;
			buildActionMask = 2147483647;
			files = (
			);
			inputPaths = (
			);
			name = "Copy Pods Resources";
			outputPaths = (
			);
			runOnlyForDeploymentPostprocessing = 0;
			shellPath = /bin/sh;
			shellScript = "\"${SRCROOT}/Pods/Target Support Files/Pods/Pods-resources.sh\"\n";
			showEnvVarsInLog = 0;
		};
/* End PBXShellScriptBuildPhase section */

/* Begin PBXSourcesBuildPhase section */
		F5A801E519F5FA6E00F38D40 /* Sources */ = {
			isa = PBXSourcesBuildPhase;
			buildActionMask = 2147483647;
			files = (
				F5A97A3019FA02DA00A65A08 /* TypeSelectViewController.swift in Sources */,
				F583D2671A0881B3001E1E51 /* UIColor+RGB.swift in Sources */,
				F52D242B1A01DB8D0082F885 /* GoalDetailViewController.swift in Sources */,
				F5A9879719FA5B4E00A65A08 /* Helper.swift in Sources */,
				F5A801F119F5FA6E00F38D40 /* ViewController.swift in Sources */,
				F5A8020F19F601D000F38D40 /* Goal.swift in Sources */,
				F52D242919FE2F580082F885 /* GoalInfoCell.swift in Sources */,
				F5A8024419F6534C00F38D40 /* GoalHelper.swift in Sources */,
				F5A801EF19F5FA6E00F38D40 /* AppDelegate.swift in Sources */,
				F5A97A2E19F9FC9E00A65A08 /* AddNewGoalViewController.swift in Sources */,
			);
			runOnlyForDeploymentPostprocessing = 0;
		};
		F5A801FA19F5FA6E00F38D40 /* Sources */ = {
			isa = PBXSourcesBuildPhase;
			buildActionMask = 2147483647;
			files = (
				F5A8020519F5FA6E00F38D40 /* GoalManagerTests.swift in Sources */,
			);
			runOnlyForDeploymentPostprocessing = 0;
		};
/* End PBXSourcesBuildPhase section */

/* Begin PBXTargetDependency section */
		F5A8020019F5FA6E00F38D40 /* PBXTargetDependency */ = {
			isa = PBXTargetDependency;
			target = F5A801E819F5FA6E00F38D40 /* GoalManager */;
			targetProxy = F5A801FF19F5FA6E00F38D40 /* PBXContainerItemProxy */;
		};
/* End PBXTargetDependency section */

/* Begin PBXVariantGroup section */
		F5A801F219F5FA6E00F38D40 /* Main.storyboard */ = {
			isa = PBXVariantGroup;
			children = (
				F5A801F319F5FA6E00F38D40 /* Base */,
			);
			name = Main.storyboard;
			sourceTree = "<group>";
		};
		F5A801F719F5FA6E00F38D40 /* LaunchScreen.xib */ = {
			isa = PBXVariantGroup;
			children = (
				F5A801F819F5FA6E00F38D40 /* Base */,
			);
			name = LaunchScreen.xib;
			sourceTree = "<group>";
		};
/* End PBXVariantGroup section */

/* Begin XCBuildConfiguration section */
		F5A8020619F5FA6E00F38D40 /* Debug */ = {
			isa = XCBuildConfiguration;
			buildSettings = {
				ALWAYS_SEARCH_USER_PATHS = NO;
				CLANG_CXX_LANGUAGE_STANDARD = "gnu++0x";
				CLANG_CXX_LIBRARY = "libc++";
				CLANG_ENABLE_MODULES = YES;
				CLANG_ENABLE_OBJC_ARC = YES;
				CLANG_WARN_BOOL_CONVERSION = YES;
				CLANG_WARN_CONSTANT_CONVERSION = YES;
				CLANG_WARN_DIRECT_OBJC_ISA_USAGE = YES_ERROR;
				CLANG_WARN_EMPTY_BODY = YES;
				CLANG_WARN_ENUM_CONVERSION = YES;
				CLANG_WARN_INT_CONVERSION = YES;
				CLANG_WARN_OBJC_ROOT_CLASS = YES_ERROR;
				CLANG_WARN_UNREACHABLE_CODE = YES;
				CLANG_WARN__DUPLICATE_METHOD_MATCH = YES;
				CODE_SIGN_IDENTITY = "iPhone Developer: LIU YI (DG82AVEA5T)";
				"CODE_SIGN_IDENTITY[sdk=iphoneos*]" = "iPhone Developer: LIU YI (DG82AVEA5T)";
				COPY_PHASE_STRIP = NO;
				ENABLE_STRICT_OBJC_MSGSEND = YES;
				GCC_C_LANGUAGE_STANDARD = gnu99;
				GCC_DYNAMIC_NO_PIC = NO;
				GCC_OPTIMIZATION_LEVEL = 0;
				GCC_PREPROCESSOR_DEFINITIONS = (
					"DEBUG=1",
					"$(inherited)",
				);
				GCC_SYMBOLS_PRIVATE_EXTERN = NO;
				GCC_WARN_64_TO_32_BIT_CONVERSION = YES;
				GCC_WARN_ABOUT_RETURN_TYPE = YES_ERROR;
				GCC_WARN_UNDECLARED_SELECTOR = YES;
				GCC_WARN_UNINITIALIZED_AUTOS = YES_AGGRESSIVE;
				GCC_WARN_UNUSED_FUNCTION = YES;
				GCC_WARN_UNUSED_VARIABLE = YES;
				IPHONEOS_DEPLOYMENT_TARGET = 8.0;
				MTL_ENABLE_DEBUG_INFO = YES;
				ONLY_ACTIVE_ARCH = YES;
				PROVISIONING_PROFILE = "981bd08d-8b9c-4852-b5bb-866e9579d268";
				SDKROOT = iphoneos;
				SWIFT_OPTIMIZATION_LEVEL = "-Onone";
			};
			name = Debug;
		};
		F5A8020719F5FA6E00F38D40 /* Release */ = {
			isa = XCBuildConfiguration;
			buildSettings = {
				ALWAYS_SEARCH_USER_PATHS = NO;
				CLANG_CXX_LANGUAGE_STANDARD = "gnu++0x";
				CLANG_CXX_LIBRARY = "libc++";
				CLANG_ENABLE_MODULES = YES;
				CLANG_ENABLE_OBJC_ARC = YES;
				CLANG_WARN_BOOL_CONVERSION = YES;
				CLANG_WARN_CONSTANT_CONVERSION = YES;
				CLANG_WARN_DIRECT_OBJC_ISA_USAGE = YES_ERROR;
				CLANG_WARN_EMPTY_BODY = YES;
				CLANG_WARN_ENUM_CONVERSION = YES;
				CLANG_WARN_INT_CONVERSION = YES;
				CLANG_WARN_OBJC_ROOT_CLASS = YES_ERROR;
				CLANG_WARN_UNREACHABLE_CODE = YES;
				CLANG_WARN__DUPLICATE_METHOD_MATCH = YES;
				CODE_SIGN_IDENTITY = "iPhone Developer: LIU YI (DG82AVEA5T)";
				"CODE_SIGN_IDENTITY[sdk=iphoneos*]" = "iPhone Developer: LIU YI (DG82AVEA5T)";
				COPY_PHASE_STRIP = YES;
				ENABLE_NS_ASSERTIONS = NO;
				ENABLE_STRICT_OBJC_MSGSEND = YES;
				GCC_C_LANGUAGE_STANDARD = gnu99;
				GCC_WARN_64_TO_32_BIT_CONVERSION = YES;
				GCC_WARN_ABOUT_RETURN_TYPE = YES_ERROR;
				GCC_WARN_UNDECLARED_SELECTOR = YES;
				GCC_WARN_UNINITIALIZED_AUTOS = YES_AGGRESSIVE;
				GCC_WARN_UNUSED_FUNCTION = YES;
				GCC_WARN_UNUSED_VARIABLE = YES;
				IPHONEOS_DEPLOYMENT_TARGET = 8.0;
				MTL_ENABLE_DEBUG_INFO = NO;
				PROVISIONING_PROFILE = "981bd08d-8b9c-4852-b5bb-866e9579d268";
				SDKROOT = iphoneos;
				VALIDATE_PRODUCT = YES;
			};
			name = Release;
		};
		F5A8020919F5FA6E00F38D40 /* Debug */ = {
			isa = XCBuildConfiguration;
			baseConfigurationReference = E5BCFDEC87BB521B0472BB49 /* Pods.debug.xcconfig */;
			buildSettings = {
				ASSETCATALOG_COMPILER_APPICON_NAME = AppIcon;
				ASSETCATALOG_COMPILER_LAUNCHIMAGE_NAME = LaunchImage;
				CODE_SIGN_IDENTITY = "iPhone Developer: LIU YI (DG82AVEA5T)";
				"CODE_SIGN_IDENTITY[sdk=iphoneos*]" = "iPhone Developer: LIU YI (DG82AVEA5T)";
				INFOPLIST_FILE = GoalManager/Info.plist;
				IPHONEOS_DEPLOYMENT_TARGET = 7.1;
				LD_RUNPATH_SEARCH_PATHS = "$(inherited) @executable_path/Frameworks";
				PRODUCT_NAME = "$(TARGET_NAME)";
				PROVISIONING_PROFILE = "981bd08d-8b9c-4852-b5bb-866e9579d268";
				SWIFT_OBJC_BRIDGING_HEADER = "GoalManager-BridgingHeader.h";
			};
			name = Debug;
		};
		F5A8020A19F5FA6E00F38D40 /* Release */ = {
			isa = XCBuildConfiguration;
			baseConfigurationReference = 33DE9D0EF170094ACE0E421F /* Pods.release.xcconfig */;
			buildSettings = {
				ASSETCATALOG_COMPILER_APPICON_NAME = AppIcon;
				ASSETCATALOG_COMPILER_LAUNCHIMAGE_NAME = LaunchImage;
				CODE_SIGN_IDENTITY = "iPhone Developer: LIU YI (DG82AVEA5T)";
				"CODE_SIGN_IDENTITY[sdk=iphoneos*]" = "iPhone Developer: LIU YI (DG82AVEA5T)";
				INFOPLIST_FILE = GoalManager/Info.plist;
				IPHONEOS_DEPLOYMENT_TARGET = 7.1;
				LD_RUNPATH_SEARCH_PATHS = "$(inherited) @executable_path/Frameworks";
				PRODUCT_NAME = "$(TARGET_NAME)";
				PROVISIONING_PROFILE = "981bd08d-8b9c-4852-b5bb-866e9579d268";
				SWIFT_OBJC_BRIDGING_HEADER = "GoalManager-BridgingHeader.h";
			};
			name = Release;
		};
		F5A8020C19F5FA6E00F38D40 /* Debug */ = {
			isa = XCBuildConfiguration;
			buildSettings = {
				BUNDLE_LOADER = "$(TEST_HOST)";
				FRAMEWORK_SEARCH_PATHS = (
					"$(SDKROOT)/Developer/Library/Frameworks",
					"$(inherited)",
				);
				GCC_PREPROCESSOR_DEFINITIONS = (
					"DEBUG=1",
					"$(inherited)",
				);
				INFOPLIST_FILE = GoalManagerTests/Info.plist;
				LD_RUNPATH_SEARCH_PATHS = "$(inherited) @executable_path/Frameworks @loader_path/Frameworks";
				PRODUCT_NAME = "$(TARGET_NAME)";
				TEST_HOST = "$(BUILT_PRODUCTS_DIR)/GoalManager.app/GoalManager";
			};
			name = Debug;
		};
		F5A8020D19F5FA6E00F38D40 /* Release */ = {
			isa = XCBuildConfiguration;
			buildSettings = {
				BUNDLE_LOADER = "$(TEST_HOST)";
				FRAMEWORK_SEARCH_PATHS = (
					"$(SDKROOT)/Developer/Library/Frameworks",
					"$(inherited)",
				);
				INFOPLIST_FILE = GoalManagerTests/Info.plist;
				LD_RUNPATH_SEARCH_PATHS = "$(inherited) @executable_path/Frameworks @loader_path/Frameworks";
				PRODUCT_NAME = "$(TARGET_NAME)";
				TEST_HOST = "$(BUILT_PRODUCTS_DIR)/GoalManager.app/GoalManager";
			};
			name = Release;
		};
/* End XCBuildConfiguration section */

/* Begin XCConfigurationList section */
		F5A801E419F5FA6E00F38D40 /* Build configuration list for PBXProject "GoalManager" */ = {
			isa = XCConfigurationList;
			buildConfigurations = (
				F5A8020619F5FA6E00F38D40 /* Debug */,
				F5A8020719F5FA6E00F38D40 /* Release */,
			);
			defaultConfigurationIsVisible = 0;
			defaultConfigurationName = Release;
		};
		F5A8020819F5FA6E00F38D40 /* Build configuration list for PBXNativeTarget "GoalManager" */ = {
			isa = XCConfigurationList;
			buildConfigurations = (
				F5A8020919F5FA6E00F38D40 /* Debug */,
				F5A8020A19F5FA6E00F38D40 /* Release */,
			);
			defaultConfigurationIsVisible = 0;
			defaultConfigurationName = Release;
		};
		F5A8020B19F5FA6E00F38D40 /* Build configuration list for PBXNativeTarget "GoalManagerTests" */ = {
			isa = XCConfigurationList;
			buildConfigurations = (
				F5A8020C19F5FA6E00F38D40 /* Debug */,
				F5A8020D19F5FA6E00F38D40 /* Release */,
			);
			defaultConfigurationIsVisible = 0;
			defaultConfigurationName = Release;
		};
/* End XCConfigurationList section */
	};
	rootObject = F5A801E119F5FA6E00F38D40 /* Project object */;
}
